{
    "_meta": {
        "hash": {
            "sha256": "904127d22db2c5b9b49565a9176fca7dad1249c7f294b98d043eac38100abfa8"
        },
        "pipfile-spec": 6,
        "requires": {
            "python_version": "3.12"
        },
        "sources": [
            {
                "name": "pypi",
                "url": "https://pypi.org/simple",
                "verify_ssl": true
            }
        ]
    },
    "default": {
        "colorama": {
            "hashes": [
                "sha256:08695f5cb7ed6e0531a20572697297273c47b8cae5a63ffc6d6ed5c201be6e44",
                "sha256:4f1d9991f5acc0ca119f9d443620b77f9d6b33703e51011c16baf57afb285fc6"
            ],
            "markers": "python_version >= '2.7' and python_version not in '3.0, 3.1, 3.2, 3.3, 3.4, 3.5, 3.6'",
            "version": "==0.4.6"
        },
        "numpy": {
            "hashes": [
                "sha256:08d60c810432eb83360958dea0999ac4cfb94531ea8efcbf0b7f277c2068aeb2",
                "sha256:09e9bfd8d2cf479c7d174804fb3811c53a8e9f20a37444008606b57d6b7a826d",
                "sha256:0bfebd8695f9863592fe744be833a258120b14a9f39da255e8aa8fade2c0ddd1",
                "sha256:17a25e09640602e10bc8de0e6fa2b3fd68eedd84ba6d7842dc8f32f9ab87bd0b",
                "sha256:1c6759f538fb912fc46de0a6b1758ccf7b57bc7c7ebebc23974fdac3de8db0cd",
                "sha256:224ca51130ef7da85bea2191625181cb4f337f9cb64b471f10c1a12aa8b60077",
                "sha256:24d0eb82c0541d3415a33425db64ae439dffccd7b4dbcb30e7c35120205c506a",
                "sha256:2ae0ca40bcb22d6ba59c1dfd5446f49940b0f2d821fde133f10dda11f816b84e",
                "sha256:2c889b56fe48b1018f764b0eec8df59ab654e9148aa91faa12596043500de277",
                "sha256:30b44a6b53a7ae63c54c089a8726e5563ed302716c5b7ccc85afade40b0e7ff6",
                "sha256:32985c896d897419ef8da6917872d80b78ad0ea26d85b23245c7366ffde76d75",
                "sha256:3935f3b419b244a02732676fa5317a9193cc596a4c0646db07e5b421229ac9f7",
                "sha256:4939237038ada79308dda3204ac6462df056b5672b2e25db1149cf873668b3e1",
                "sha256:4b4ff1608417eb7a59da7b967bbb798cacfe071d2caf526a24281cd562072ed9",
                "sha256:54ad769f17bc2d833b620851989f62054fb9ab93c969d9e1dc3c8e3d56beea21",
                "sha256:59fda5e192b570217ec2580c96f00e9a7e12ef6866a900eb089b62c1a32545ca",
                "sha256:5a4c988b38d261deeeaad9954e3deb091ad905c94e8bb6708654ef1d97f286b0",
                "sha256:5a6db61f9aaa57e369905c67d852045d3c4f7126405b29d09b19dec118e9c9cb",
                "sha256:6165343f81b56ef8f514f396989e529b61d9dc709b99421b07e9f3e698e2287d",
                "sha256:61ac47e772e6b8ea489e1d2f441a34c5c3ac17327e7ce294cbdf535795ad4e75",
                "sha256:6c3fe51bc6a16453d452997053454f309e8e0ed7b42d6b361ce4ac8c32913d74",
                "sha256:6eab239876581b2b3c5a242281b6007bbdbcd1c7085d7709bb57c5929b11e6bf",
                "sha256:78798bd5b9ad744056af8efa90e3b9ddaa53272a0848a483084a1cc0a13b2dc0",
                "sha256:7c786fe9a5bbe360022e584c5a34cf6b54265c71bd7ec8ac3d8fec38968071f8",
                "sha256:83ce9c80d5b521b0d77ddcbe5447c218d247929b6cc056ca5351342accfff0af",
                "sha256:9726558e8db4a5bf7929a70ae50f63abda4daf0efe810e3bfbab95976f75fc1a",
                "sha256:99d5095fa265a0c4152e7bb12759e14381ef5496152f1ce58f44bdf55c44beb4",
                "sha256:a33276be12fa045805f477f22482088b66bb758ffbe89a9d21457de863a32e22",
                "sha256:a48a113e6afea91f5608793bafa7ef2ad481fefbda87ec5069f483de61cb9fa3",
                "sha256:ab451b59c5643c570974c43aef780703ef1d3b4965d2be07afd530615a9358d1",
                "sha256:ab84dc6b074fa881cae55bea94cc4f68e285181ba7f32497bf7dee6b1496165b",
                "sha256:ab87a91b3cc3382b8956095bd8f95e00cf679bb81554339be1a2ba404a1473c1",
                "sha256:c12afb53450fa976d4c681c50a7423729a4c51c0465ed9f32b8a9cabbc472373",
                "sha256:caf3e317d33d60c37986b452613f4ab51246d0691350c03d0cb4a898627f4a95",
                "sha256:dc932a65ded7ce9013d120845a2514dcccb1a67bfc8deb8d37633762951904a6",
                "sha256:e68d8dd1e7eba712948f2053a29ec86917bc70ba1358df869d9f06649ef9cf09",
                "sha256:e824c2acf8862052246be5a44c15da1777940c60d010dd2aab897824d9c430f9",
                "sha256:e8c11c405efc5ff6816d5983c96cdfa215bab3428961243af3ff59b228490438",
                "sha256:efd736408cc97c79b9e6917338dfc8f06013b2274f992e96b1d9a81a71e2a2c2",
                "sha256:f089d7b00756190aacf1f5d34bdf38c3c430ac82b4f868f8cede73380460fce7",
                "sha256:f2479a47f8d5932d1718168a681ad6e536a9df484c83cfcf9de365e164537ace",
                "sha256:f7119ebff1a9829e9f431a4f9d28e703023bb6b9fe7c8f724467dbfc27c94ab3",
                "sha256:f7d60026c0bdb1380e83bfa7a0419c4577ee4b9a08880afcb6dadeb74c649fa2",
                "sha256:f7feb014281029e628ba2d5a007407443b06e418b6fe451d1e2adcbc8eba0107"
            ],
            "markers": "python_version >= '3.12'",
            "version": "==2.5.1"
        },
        "pyqt6": {
            "hashes": [
                "sha256:0734959955adde095af9a074213a7f73386d1bbbddfc27346b4c0621641a692e",
                "sha256:45dd60aa69976de1918b5ced6b4e7b6a25abd2a919ecef5fd5826ecc76718889",
                "sha256:8555277989fa7d114cb3c3443fd261d566909f7268ceedd41d93a5f02d37ec05",
                "sha256:b6324e3501b19b4292c7a55b1f22e82d3e80e519e383ce4fe79b4a754c6f0288",
                "sha256:bd11b459c54dca068e988a42cf838303334f0d441b9d16d92ae6719fcb5ac6ba",
                "sha256:f7100bc7f72b12581ec479a733f4ad11b8002668e6786e8a445ab6f4d1c743d4"
            ],
            "index": "pypi",
            "markers": "python_version >= '3.10'",
            "version": "==6.11.0"
        },
        "pyqt6-qt6": {
            "hashes": [
                "sha256:039b1ab619d63d06a87cacf84b581a2b61a30c9ad5bb677553e738afe4dc433a",
                "sha256:120efbedf833e5bbbc3d64ebdb139b44ff34e60f34410c7b1c2c26d230380bda",
                "sha256:254af349e0ef4b2fa581f86ee9d65eb797bb1d4f0c01ae5ceaa7b2446b458be9",
                "sha256:694486f18b7ab9b1edcdb50e0c9f5cb726e096107da90ae7b0e810f18e2002b3",
                "sha256:7486c80512e823f2d3087e67f854f0556b345f4368040a853c8dc4d30fd3fe69",
                "sha256:fd05b31a3c83111b6eb82bb472ccfe531ef823f70d085b82fd1edc5ad2553c54"
            ],
            "version": "==6.11.1"
        },
        "pyqt6-sip": {
            "hashes": [
                "sha256:00f670fbebf811a835257353d1facc8da6e33951d904865d172e0d46d12fc898",
                "sha256:0874073287e6d5b900768b95fca3f0ea23209c1bef5321bb2422f5dca455a899",
                "sha256:109ba8a7e3621e27a09a8086d54346a8a9f70ea3470d7530c60cdd697604a966",
                "sha256:2431eef7617f7cd26d22789178a57a688ddbca814fd5215fbe577f4bf45569b8",
                "sha256:24e9e5a7fcac6a957f74d136cc44f52d6c526d50ed9a5f9be980fe3a4f1edec1",
                "sha256:30798c3fc22682a42ad0097f85c92f8ef4393b69b3fc407eb447be3049d7cbad",
                "sha256:309a69feb94dfc0bec7e224055db376b157ce6d88b94eb4076d2e913b4c62b47",
                "sha256:3476132fc5c85d7136eb14cb7d9e1909e9f5ee94a85d892e4ac244990ba541b3",
                "sha256:51352451de3a02ca5476c4248553550385a5df0c4e8a01efbef923fbdaddd79f",
                "sha256:543b9b210ca4278ee510f938d4b3d696b587b2b223c6cd1ba819c3cef3b67ea5",
                "sha256:5b5610a21401dbf97eaa82a2d35e727d3269ef370f299a892ff154f4b6f338ca",
                "sha256:61faaad2a4c5dc08e8b0abbae34a66f035c921cf085ae53f67a3ddcfec1d0f22",
                "sha256:6815e719d1fd4c71c0d3ed85e7e91b615959d949dac7af6e3f11a29a3a565676",
                "sha256:80bfce3924414c2d3d293851cf0b12a29f4ad5c8dab5450fa817385f540eb633",
                "sha256:8427e9bdf03539b077c962b764dce98f2264a51a09879fe14cda7acdc1ba05eb",
                "sha256:84b5df633e3c7bc5faaec18b71f45d297002ee258350f823648b6f447763524c",
                "sha256:85ac64530f6e7362a853fea1ce50e91f026cb87b411abe7a9efe4edb844458fa",
                "sha256:9717fc4271e5d71e1cecadbb3340c3990ea9d58923fbf076b70cf8bc0f339639",
                "sha256:99a9016b9f6f23e4446703ba2c2271b35a3ff2fd5115e607b9fac675774abea9",
                "sha256:a7ad45c1e3cec3a2473d37ea9870b6c3baeccc560298623c8eb59265714c06e2",
                "sha256:beeebe34fdb4d2997310f60a618e332a7097db4f52ae970f5f0a6b8e7105cb18",
                "sha256:c06cc966110ba47c225adeea6c848654c319943a2f826f4f47b0bd79dfe448dd",
                "sha256:d09f10eee29c75dc255797096d29e576a9bf15813ece4c9376bc26dbef1b18a8",
                "sha256:df6b797f34ea7c5d58976ddf88d5d2c72e2826f793f47e009472a2b691afa008",
                "sha256:fc40cda618f13e291e35271f29250b55b9b362755f6e22357d244fcbacd18e6c"
            ],
            "markers": "python_version >= '3.10'",
            "version": "==13.12.0"
        },
        "pyqtgraph": {
            "hashes": [
                "sha256:7abb7c3e17362add64f8711b474dffac5e7b0e9245abdf992e9a44119b7aa4f5"
            ],
            "index": "pypi",
            "markers": "python_version >= '3.10'",
            "version": "==0.14.0"
        }
    },
    "develop": {}
}
